
Microsoft Visual Studio Solution File, Format Version 12.00
# Visual Studio Version 16
VisualStudioVersion = 16.0.31112.23
MinimumVisualStudioVersion = 10.0.40219.1
Project("{FAE04EC0-301F-11D3-BF4B-00C04F79EFBC}") = "BlogProje", "BlogProje\BlogProje.csproj", "{571F992D-CE3C-4E40-BAD5-47B6AFDDD4D4}"
EndProject
Global
	GlobalSection(SolutionConfigurationPlatforms) = preSolution
		Debug|Any CPU = Debug|Any CPU
		Release|Any CPU = Release|Any CPU
	EndGlobalSection
	GlobalSection(ProjectConfigurationPlatforms) = postSolution
		{571F992D-CE3C-4E40-BAD5-47B6AFDDD4D4}.Debug|Any CPU.ActiveCfg = Debug|Any CPU
		{571F992D-CE3C-4E40-BAD5-47B6AFDDD4D4}.Debug|Any CPU.Build.0 = Debug|Any CPU
		{571F992D-CE3C-4E40-BAD5-47B6AFDDD4D4}.Release|Any CPU.ActiveCfg = Release|Any CPU
		{571F992D-CE3C-4E40-BAD5-47B6AFDDD4D4}.Release|Any CPU.Build.0 = Release|Any CPU
	EndGlobalSection
	GlobalSection(SolutionProperties) = preSolution
		HideSolutionNode = FALSE
	EndGlobalSection
	GlobalSection(ExtensibilityGlobals) = postSolution
		SolutionGuid = {AFDBD1B8-E881-4C7B-8FC4-C0256B0D7EBF}
	EndGlobalSection
EndGlobal
